
Microsoft Visual Studio Solution File, Format Version 12.00
# Visual Studio 15
VisualStudioVersion = 15.0.28010.2003
MinimumVisualStudioVersion = 10.0.40219.1
Project("{FAE04EC0-301F-11D3-BF4B-00C04F79EFBC}") = "OptimusPrime.Cli", "OptimusPrime.XmlTransform\OptimusPrime.Cli.csproj", "{3148AC9C-5B81-481F-9668-57636E0429F5}"
EndProject
Project("{54435603-DBB4-11D2-8724-00A0C9A8B90C}") = "OptimusPrime.Installer", "OptimusPrime.Installer\OptimusPrime.Installer.vdproj", "{EC591DF8-1D33-4393-ABF9-160BFFE6BF30}"
EndProject
Project("{2150E333-8FDC-42A3-9474-1A3956D46DE8}") = "Solution Items", "Solution Items", "{8479DDB4-9DBB-4B69-B375-37614EFB6813}"
	ProjectSection(SolutionItems) = preProject
		.gitignore = .gitignore
		OptimusPrime.Installer\Debug\OptimusPrime.Installer.msi = OptimusPrime.Installer\Debug\OptimusPrime.Installer.msi
		README.md = README.md
	EndProjectSection
EndProject
Project("{FAE04EC0-301F-11D3-BF4B-00C04F79EFBC}") = "OptimusPrime.Tools.ImportandExportSettings", "OptimusPrime.Tools.ImportandExportSettings\OptimusPrime.Tools.ImportandExportSettings.csproj", "{5E39B67F-8C8C-4644-BEA5-59A37CF8BCB4}"
EndProject
Project("{FAE04EC0-301F-11D3-BF4B-00C04F79EFBC}") = "OptimusPrime.Cli.Tests", "OptimusPrime.Cli.Tests\OptimusPrime.Cli.Tests.csproj", "{A6BF72CC-7835-49E3-B43B-AE976C89430F}"
EndProject
Global
	GlobalSection(SolutionConfigurationPlatforms) = preSolution
		Debug|Any CPU = Debug|Any CPU
		Release|Any CPU = Release|Any CPU
	EndGlobalSection
	GlobalSection(ProjectConfigurationPlatforms) = postSolution
		{3148AC9C-5B81-481F-9668-57636E0429F5}.Debug|Any CPU.ActiveCfg = Debug|Any CPU
		{3148AC9C-5B81-481F-9668-57636E0429F5}.Debug|Any CPU.Build.0 = Debug|Any CPU
		{3148AC9C-5B81-481F-9668-57636E0429F5}.Release|Any CPU.ActiveCfg = Release|Any CPU
		{3148AC9C-5B81-481F-9668-57636E0429F5}.Release|Any CPU.Build.0 = Release|Any CPU
		{EC591DF8-1D33-4393-ABF9-160BFFE6BF30}.Debug|Any CPU.ActiveCfg = Debug
		{EC591DF8-1D33-4393-ABF9-160BFFE6BF30}.Debug|Any CPU.Build.0 = Debug
		{EC591DF8-1D33-4393-ABF9-160BFFE6BF30}.Release|Any CPU.ActiveCfg = Release
		{5E39B67F-8C8C-4644-BEA5-59A37CF8BCB4}.Debug|Any CPU.ActiveCfg = Debug|Any CPU
		{5E39B67F-8C8C-4644-BEA5-59A37CF8BCB4}.Debug|Any CPU.Build.0 = Debug|Any CPU
		{5E39B67F-8C8C-4644-BEA5-59A37CF8BCB4}.Release|Any CPU.ActiveCfg = Release|Any CPU
		{5E39B67F-8C8C-4644-BEA5-59A37CF8BCB4}.Release|Any CPU.Build.0 = Release|Any CPU
		{A6BF72CC-7835-49E3-B43B-AE976C89430F}.Debug|Any CPU.ActiveCfg = Debug|Any CPU
		{A6BF72CC-7835-49E3-B43B-AE976C89430F}.Debug|Any CPU.Build.0 = Debug|Any CPU
		{A6BF72CC-7835-49E3-B43B-AE976C89430F}.Release|Any CPU.ActiveCfg = Release|Any CPU
		{A6BF72CC-7835-49E3-B43B-AE976C89430F}.Release|Any CPU.Build.0 = Release|Any CPU
	EndGlobalSection
	GlobalSection(SolutionProperties) = preSolution
		HideSolutionNode = FALSE
	EndGlobalSection
	GlobalSection(ExtensibilityGlobals) = postSolution
		SolutionGuid = {BC89968B-E5B4-4094-BC17-36DD56329C13}
	EndGlobalSection
EndGlobal
